Microsoft Visual Studio Solution File, Format Version 12.00
# Visual Studio Version 17
VisualStudioVersion = 17.5.2.0
MinimumVisualStudioVersion = 10.0.40219.1
Project("{FAE04EC0-301F-11D3-BF4B-00C04F79EFBC}") = "C# - Sololearn", "C# - Sololearn.csproj", "{FC05170D-B57F-B8B2-BFFA-B274F3A38AE5}"
EndProject
Global
	GlobalSection(SolutionConfigurationPlatforms) = preSolution
		Debug|Any CPU = Debug|Any CPU
		Release|Any CPU = Release|Any CPU
	EndGlobalSection
	GlobalSection(ProjectConfigurationPlatforms) = postSolution
		{FC05170D-B57F-B8B2-BFFA-B274F3A38AE5}.Debug|Any CPU.ActiveCfg = Debug|Any CPU
		{FC05170D-B57F-B8B2-BFFA-B274F3A38AE5}.Debug|Any CPU.Build.0 = Debug|Any CPU
		{FC05170D-B57F-B8B2-BFFA-B274F3A38AE5}.Release|Any CPU.ActiveCfg = Release|Any CPU
		{FC05170D-B57F-B8B2-BFFA-B274F3A38AE5}.Release|Any CPU.Build.0 = Release|Any CPU
	EndGlobalSection
	GlobalSection(SolutionProperties) = preSolution
		HideSolutionNode = FALSE
	EndGlobalSection
	GlobalSection(ExtensibilityGlobals) = postSolution
		SolutionGuid = {8067B11C-4C97-49EA-AB7A-7335C78484B3}
	EndGlobalSection
EndGlobal
